
Microsoft Visual Studio Solution File, Format Version 11.00
# Visual Studio 2010
# SharpDevelop 4.4
Project("{FAE04EC0-301F-11D3-BF4B-00C04F79EFBC}") = "exercicioQuiz", "exercicioQuiz\exercicioQuiz.csproj", "{56C901AB-8BF4-438C-8962-946EF5E1163E}"
EndProject
Global
	GlobalSection(SolutionConfigurationPlatforms) = preSolution
		Debug|Any CPU = Debug|Any CPU
		Release|Any CPU = Release|Any CPU
	EndGlobalSection
	GlobalSection(ProjectConfigurationPlatforms) = postSolution
		{56C901AB-8BF4-438C-8962-946EF5E1163E}.Debug|Any CPU.Build.0 = Debug|Any CPU
		{56C901AB-8BF4-438C-8962-946EF5E1163E}.Debug|Any CPU.ActiveCfg = Debug|Any CPU
		{56C901AB-8BF4-438C-8962-946EF5E1163E}.Release|Any CPU.Build.0 = Release|Any CPU
		{56C901AB-8BF4-438C-8962-946EF5E1163E}.Release|Any CPU.ActiveCfg = Release|Any CPU
	EndGlobalSection
EndGlobal
