
Microsoft Visual Studio Solution File, Format Version 11.00
# Visual Studio 2010
# SharpDevelop 4.4
Project("{FAE04EC0-301F-11D3-BF4B-00C04F79EFBC}") = "exercicioForca", "exercicioForca\exercicioForca.csproj", "{17481D10-3FBD-4818-A348-53DAEC83703B}"
EndProject
Global
	GlobalSection(SolutionConfigurationPlatforms) = preSolution
		Debug|Any CPU = Debug|Any CPU
		Release|Any CPU = Release|Any CPU
	EndGlobalSection
	GlobalSection(ProjectConfigurationPlatforms) = postSolution
		{17481D10-3FBD-4818-A348-53DAEC83703B}.Debug|Any CPU.Build.0 = Debug|Any CPU
		{17481D10-3FBD-4818-A348-53DAEC83703B}.Debug|Any CPU.ActiveCfg = Debug|Any CPU
		{17481D10-3FBD-4818-A348-53DAEC83703B}.Release|Any CPU.Build.0 = Release|Any CPU
		{17481D10-3FBD-4818-A348-53DAEC83703B}.Release|Any CPU.ActiveCfg = Release|Any CPU
	EndGlobalSection
EndGlobal
