
Microsoft Visual Studio Solution File, Format Version 11.00
# Visual Studio 2010
# SharpDevelop 4.4
Project("{FAE04EC0-301F-11D3-BF4B-00C04F79EFBC}") = "exercicioListaNomes", "exercicioListaNomes\exercicioListaNomes.csproj", "{2743AB12-34A9-4BFC-AF0C-CA5CB32DFA6D}"
EndProject
Global
	GlobalSection(SolutionConfigurationPlatforms) = preSolution
		Debug|Any CPU = Debug|Any CPU
		Release|Any CPU = Release|Any CPU
	EndGlobalSection
	GlobalSection(ProjectConfigurationPlatforms) = postSolution
		{2743AB12-34A9-4BFC-AF0C-CA5CB32DFA6D}.Debug|Any CPU.Build.0 = Debug|Any CPU
		{2743AB12-34A9-4BFC-AF0C-CA5CB32DFA6D}.Debug|Any CPU.ActiveCfg = Debug|Any CPU
		{2743AB12-34A9-4BFC-AF0C-CA5CB32DFA6D}.Release|Any CPU.Build.0 = Release|Any CPU
		{2743AB12-34A9-4BFC-AF0C-CA5CB32DFA6D}.Release|Any CPU.ActiveCfg = Release|Any CPU
	EndGlobalSection
EndGlobal
